
Microsoft Visual Studio Solution File, Format Version 12.00
# Visual Studio Version 16
VisualStudioVersion = 16.0.29709.97
MinimumVisualStudioVersion = 10.0.40219.1
Project("{FAE04EC0-301F-11D3-BF4B-00C04F79EFBC}") = "LinqExpressionsTests", "LinqExpressionsTests\LinqExpressionsTests.csproj", "{4ABC4F9C-9B3A-43D6-8B2A-958B76090ABB}"
EndProject
Global
	GlobalSection(SolutionConfigurationPlatforms) = preSolution
		Debug|Any CPU = Debug|Any CPU
		Release|Any CPU = Release|Any CPU
	EndGlobalSection
	GlobalSection(ProjectConfigurationPlatforms) = postSolution
		{4ABC4F9C-9B3A-43D6-8B2A-958B76090ABB}.Debug|Any CPU.ActiveCfg = Debug|Any CPU
		{4ABC4F9C-9B3A-43D6-8B2A-958B76090ABB}.Debug|Any CPU.Build.0 = Debug|Any CPU
		{4ABC4F9C-9B3A-43D6-8B2A-958B76090ABB}.Release|Any CPU.ActiveCfg = Release|Any CPU
		{4ABC4F9C-9B3A-43D6-8B2A-958B76090ABB}.Release|Any CPU.Build.0 = Release|Any CPU
	EndGlobalSection
	GlobalSection(SolutionProperties) = preSolution
		HideSolutionNode = FALSE
	EndGlobalSection
	GlobalSection(ExtensibilityGlobals) = postSolution
		SolutionGuid = {6517705E-07FF-4150-A096-F34EF8470EB9}
	EndGlobalSection
EndGlobal
